
Microsoft Visual Studio Solution File, Format Version 12.00
# Visual Studio 15
VisualStudioVersion = 15.0.27703.2035
MinimumVisualStudioVersion = 10.0.40219.1
Project("{FAE04EC0-301F-11D3-BF4B-00C04F79EFBC}") = "InteractiveSalesTax", "InteractiveSalesTax\InteractiveSalesTax.csproj", "{2E4AEDC1-071A-4551-B773-2C9B6AF33013}"
EndProject
Global
	GlobalSection(SolutionConfigurationPlatforms) = preSolution
		Debug|Any CPU = Debug|Any CPU
		Release|Any CPU = Release|Any CPU
	EndGlobalSection
	GlobalSection(ProjectConfigurationPlatforms) = postSolution
		{2E4AEDC1-071A-4551-B773-2C9B6AF33013}.Debug|Any CPU.ActiveCfg = Debug|Any CPU
		{2E4AEDC1-071A-4551-B773-2C9B6AF33013}.Debug|Any CPU.Build.0 = Debug|Any CPU
		{2E4AEDC1-071A-4551-B773-2C9B6AF33013}.Release|Any CPU.ActiveCfg = Release|Any CPU
		{2E4AEDC1-071A-4551-B773-2C9B6AF33013}.Release|Any CPU.Build.0 = Release|Any CPU
	EndGlobalSection
	GlobalSection(SolutionProperties) = preSolution
		HideSolutionNode = FALSE
	EndGlobalSection
	GlobalSection(ExtensibilityGlobals) = postSolution
		SolutionGuid = {6084A9F2-B143-40EF-9D82-4BB526F7F83D}
	EndGlobalSection
EndGlobal
